
Microsoft Visual Studio Solution File, Format Version 12.00
# Visual Studio Version 17
VisualStudioVersion = 17.13.35931.197 d17.13
MinimumVisualStudioVersion = 10.0.40219.1
Project("{FAE04EC0-301F-11D3-BF4B-00C04F79EFBC}") = "KProyecto", "KProyecto\KProyecto.csproj", "{C77CC993-8866-4F58-ACA5-8A099CA0848C}"
EndProject
Global
	GlobalSection(SolutionConfigurationPlatforms) = preSolution
		Debug|Any CPU = Debug|Any CPU
		Release|Any CPU = Release|Any CPU
	EndGlobalSection
	GlobalSection(ProjectConfigurationPlatforms) = postSolution
		{C77CC993-8866-4F58-ACA5-8A099CA0848C}.Debug|Any CPU.ActiveCfg = Debug|Any CPU
		{C77CC993-8866-4F58-ACA5-8A099CA0848C}.Debug|Any CPU.Build.0 = Debug|Any CPU
		{C77CC993-8866-4F58-ACA5-8A099CA0848C}.Release|Any CPU.ActiveCfg = Release|Any CPU
		{C77CC993-8866-4F58-ACA5-8A099CA0848C}.Release|Any CPU.Build.0 = Release|Any CPU
	EndGlobalSection
	GlobalSection(SolutionProperties) = preSolution
		HideSolutionNode = FALSE
	EndGlobalSection
	GlobalSection(ExtensibilityGlobals) = postSolution
		SolutionGuid = {C8C85A26-7E45-4E0C-8697-A5C6DD97D039}
	EndGlobalSection
EndGlobal
